
Microsoft Visual Studio Solution File, Format Version 12.00
# Visual Studio Version 16
VisualStudioVersion = 16.0.31515.178
MinimumVisualStudioVersion = 10.0.40219.1
Project("{FAE04EC0-301F-11D3-BF4B-00C04F79EFBC}") = "esProvaVerifica", "esProvaVerifica\esProvaVerifica.csproj", "{6BAE8EC8-35CA-4D9E-859A-A0D17078310B}"
EndProject
Global
	GlobalSection(SolutionConfigurationPlatforms) = preSolution
		Debug|Any CPU = Debug|Any CPU
		Release|Any CPU = Release|Any CPU
	EndGlobalSection
	GlobalSection(ProjectConfigurationPlatforms) = postSolution
		{6BAE8EC8-35CA-4D9E-859A-A0D17078310B}.Debug|Any CPU.ActiveCfg = Debug|Any CPU
		{6BAE8EC8-35CA-4D9E-859A-A0D17078310B}.Debug|Any CPU.Build.0 = Debug|Any CPU
		{6BAE8EC8-35CA-4D9E-859A-A0D17078310B}.Release|Any CPU.ActiveCfg = Release|Any CPU
		{6BAE8EC8-35CA-4D9E-859A-A0D17078310B}.Release|Any CPU.Build.0 = Release|Any CPU
	EndGlobalSection
	GlobalSection(SolutionProperties) = preSolution
		HideSolutionNode = FALSE
	EndGlobalSection
	GlobalSection(ExtensibilityGlobals) = postSolution
		SolutionGuid = {0D7C4855-65BC-4D7D-88B3-B78AD10C3B80}
	EndGlobalSection
EndGlobal
